
Microsoft Visual Studio Solution File, Format Version 12.00
# Visual Studio Version 17
VisualStudioVersion = 17.4.33020.496
MinimumVisualStudioVersion = 10.0.40219.1
Project("{FAE04EC0-301F-11D3-BF4B-00C04F79EFBC}") = "OnlineRestaurantMenu", "OnlineRestaurantMenu.csproj", "{90621140-4E21-4F99-80E4-0E2674684BD1}"
EndProject
Project("{FAE04EC0-301F-11D3-BF4B-00C04F79EFBC}") = "OnlineRestaurantMenu.Infrastructure", "..\OnlineRestaurantMenu.Infrastructure\OnlineRestaurantMenu.Infrastructure.csproj", "{1A06FA7C-C666-42F0-8A6C-3CEA25A2053D}"
EndProject
Project("{FAE04EC0-301F-11D3-BF4B-00C04F79EFBC}") = "OnlineRestaurantMenu.Core", "..\OnlineRestaurantMenu.Core\OnlineRestaurantMenu.Core.csproj", "{AF5E2FFE-307D-4CB9-BA12-4070F148FEEA}"
EndProject
Global
	GlobalSection(SolutionConfigurationPlatforms) = preSolution
		Debug|Any CPU = Debug|Any CPU
		Release|Any CPU = Release|Any CPU
	EndGlobalSection
	GlobalSection(ProjectConfigurationPlatforms) = postSolution
		{90621140-4E21-4F99-80E4-0E2674684BD1}.Debug|Any CPU.ActiveCfg = Debug|Any CPU
		{90621140-4E21-4F99-80E4-0E2674684BD1}.Debug|Any CPU.Build.0 = Debug|Any CPU
		{90621140-4E21-4F99-80E4-0E2674684BD1}.Release|Any CPU.ActiveCfg = Release|Any CPU
		{90621140-4E21-4F99-80E4-0E2674684BD1}.Release|Any CPU.Build.0 = Release|Any CPU
		{1A06FA7C-C666-42F0-8A6C-3CEA25A2053D}.Debug|Any CPU.ActiveCfg = Debug|Any CPU
		{1A06FA7C-C666-42F0-8A6C-3CEA25A2053D}.Debug|Any CPU.Build.0 = Debug|Any CPU
		{1A06FA7C-C666-42F0-8A6C-3CEA25A2053D}.Release|Any CPU.ActiveCfg = Release|Any CPU
		{1A06FA7C-C666-42F0-8A6C-3CEA25A2053D}.Release|Any CPU.Build.0 = Release|Any CPU
		{AF5E2FFE-307D-4CB9-BA12-4070F148FEEA}.Debug|Any CPU.ActiveCfg = Debug|Any CPU
		{AF5E2FFE-307D-4CB9-BA12-4070F148FEEA}.Debug|Any CPU.Build.0 = Debug|Any CPU
		{AF5E2FFE-307D-4CB9-BA12-4070F148FEEA}.Release|Any CPU.ActiveCfg = Release|Any CPU
		{AF5E2FFE-307D-4CB9-BA12-4070F148FEEA}.Release|Any CPU.Build.0 = Release|Any CPU
	EndGlobalSection
	GlobalSection(SolutionProperties) = preSolution
		HideSolutionNode = FALSE
	EndGlobalSection
	GlobalSection(ExtensibilityGlobals) = postSolution
		SolutionGuid = {83540BBF-E8DF-4DC4-8801-51D92ED8DCB0}
	EndGlobalSection
EndGlobal
